
Microsoft Visual Studio Solution File, Format Version 12.00
# Visual Studio Version 17
VisualStudioVersion = 17.14.36414.22 d17.14
MinimumVisualStudioVersion = 10.0.40219.1
Project("{FAE04EC0-301F-11D3-BF4B-00C04F79EFBC}") = "sample-one", "sample-one.csproj", "{F230F383-F497-416F-8EAB-59C5ED91AF22}"
EndProject
Global
	GlobalSection(SolutionConfigurationPlatforms) = preSolution
		Debug|Any CPU = Debug|Any CPU
		Release|Any CPU = Release|Any CPU
	EndGlobalSection
	GlobalSection(ProjectConfigurationPlatforms) = postSolution
		{F230F383-F497-416F-8EAB-59C5ED91AF22}.Debug|Any CPU.ActiveCfg = Debug|Any CPU
		{F230F383-F497-416F-8EAB-59C5ED91AF22}.Debug|Any CPU.Build.0 = Debug|Any CPU
		{F230F383-F497-416F-8EAB-59C5ED91AF22}.Release|Any CPU.ActiveCfg = Release|Any CPU
		{F230F383-F497-416F-8EAB-59C5ED91AF22}.Release|Any CPU.Build.0 = Release|Any CPU
	EndGlobalSection
	GlobalSection(SolutionProperties) = preSolution
		HideSolutionNode = FALSE
	EndGlobalSection
	GlobalSection(ExtensibilityGlobals) = postSolution
		SolutionGuid = {A523CBC4-DC00-4373-AFFF-AD24216345DB}
	EndGlobalSection
EndGlobal
